
Microsoft Visual Studio Solution File, Format Version 12.00
# Visual Studio Version 17
VisualStudioVersion = 17.11.35327.3
MinimumVisualStudioVersion = 10.0.40219.1
Project("{8BC9CEB8-8B4A-11D0-8D11-00A0C91BC942}") = "ESchoolGame", "ESchoolGame.vcxproj", "{D1C28732-4460-40CB-AF42-A142C0B7E76A}"
EndProject
Global
	GlobalSection(SolutionConfigurationPlatforms) = preSolution
		Debug|x64 = Debug|x64
		Debug|x86 = Debug|x86
		Release|x64 = Release|x64
		Release|x86 = Release|x86
	EndGlobalSection
	GlobalSection(ProjectConfigurationPlatforms) = postSolution
		{D1C28732-4460-40CB-AF42-A142C0B7E76A}.Debug|x64.ActiveCfg = Debug|x64
		{D1C28732-4460-40CB-AF42-A142C0B7E76A}.Debug|x64.Build.0 = Debug|x64
		{D1C28732-4460-40CB-AF42-A142C0B7E76A}.Debug|x86.ActiveCfg = Debug|Win32
		{D1C28732-4460-40CB-AF42-A142C0B7E76A}.Debug|x86.Build.0 = Debug|Win32
		{D1C28732-4460-40CB-AF42-A142C0B7E76A}.Release|x64.ActiveCfg = Release|x64
		{D1C28732-4460-40CB-AF42-A142C0B7E76A}.Release|x64.Build.0 = Release|x64
		{D1C28732-4460-40CB-AF42-A142C0B7E76A}.Release|x86.ActiveCfg = Release|Win32
		{D1C28732-4460-40CB-AF42-A142C0B7E76A}.Release|x86.Build.0 = Release|Win32
	EndGlobalSection
	GlobalSection(SolutionProperties) = preSolution
		HideSolutionNode = FALSE
	EndGlobalSection
	GlobalSection(ExtensibilityGlobals) = postSolution
		        SolutionGuid = {290AEF00-5CC5-4675-AB7E-30FCDE2931FD}
	EndGlobalSection
EndGlobal
